{
  "lockfileVersion": 1,
  "workspaces": {
    "": {
      "dependencies": {
        "@types/figlet": "^1.7.0",
        "@types/node": "^22.15.21",
        "ts-pattern": "^5.7.1",
      },
    },
  },
  "packages": {
    "@types/figlet": ["@types/figlet@1.7.0", "", {}, "sha512-KwrT7p/8Eo3Op/HBSIwGXOsTZKYiM9NpWRBJ5sVjWP/SmlS+oxxRvJht/FNAtliJvja44N3ul1yATgohnVBV0Q=="],

    "@types/node": ["@types/node@22.15.21", "", { "dependencies": { "undici-types": "~6.21.0" } }, "sha512-EV/37Td6c+MgKAbkcLG6vqZ2zEYHD7bvSrzqqs2RIhbA6w3x+Dqz8MZM3sP6kGTeLrdoOgKZe+Xja7tUB2DNkQ=="],

    "ts-pattern": ["ts-pattern@5.7.1", "", {}, "sha512-EGs8PguQqAAUIcQfK4E9xdXxB6s2GK4sJfT/vcc9V1ELIvC4LH/zXu2t/5fajtv6oiRCxdv7BgtVK3vWgROxag=="],

    "undici-types": ["undici-types@6.21.0", "", {}, "sha512-iwDZqg0QAGrg9Rav5H4n0M64c3mkR59cJ6wQp+7C4nI0gsmExaedaYLNO44eT4AtBBwjbTiGPMlt2Md0T9H9JQ=="],
  }
}
